
Microsoft Visual Studio Solution File, Format Version 12.00
# Visual Studio Version 17
VisualStudioVersion = 17.5.33502.453
MinimumVisualStudioVersion = 10.0.40219.1
Project("{FAE04EC0-301F-11D3-BF4B-00C04F79EFBC}") = "PTMK_TEST", "PTMK_TEST.csproj", "{C31F88BA-8500-4C77-B350-A40B06FFC716}"
EndProject
Global
	GlobalSection(SolutionConfigurationPlatforms) = preSolution
		Debug|Any CPU = Debug|Any CPU
		Release|Any CPU = Release|Any CPU
	EndGlobalSection
	GlobalSection(ProjectConfigurationPlatforms) = postSolution
		{C31F88BA-8500-4C77-B350-A40B06FFC716}.Debug|Any CPU.ActiveCfg = Debug|Any CPU
		{C31F88BA-8500-4C77-B350-A40B06FFC716}.Debug|Any CPU.Build.0 = Debug|Any CPU
		{C31F88BA-8500-4C77-B350-A40B06FFC716}.Release|Any CPU.ActiveCfg = Release|Any CPU
		{C31F88BA-8500-4C77-B350-A40B06FFC716}.Release|Any CPU.Build.0 = Release|Any CPU
	EndGlobalSection
	GlobalSection(SolutionProperties) = preSolution
		HideSolutionNode = FALSE
	EndGlobalSection
	GlobalSection(ExtensibilityGlobals) = postSolution
		SolutionGuid = {3BE74576-B78E-4992-8C3D-6C14EED156F4}
	EndGlobalSection
EndGlobal
